// !$*UTF8*$!
{
	archiveVersion = 1;
	classes = {
	};
	objectVersion = 55;
	objects = {

/* Begin PBXBuildFile section */
		2D9683EC2843AB5F0013791C /* ButtonViews.swift in Sources */ = {isa = PBXBuildFile; fileRef = 2D9683EB2843AB5F0013791C /* ButtonViews.swift */; };
		2D9683EE2843AC010013791C /* CalculateModel.swift in Sources */ = {isa = PBXBuildFile; fileRef = 2D9683ED2843AC010013791C /* CalculateModel.swift */; };
		2DC37B31283FA9070051253D /* cloneApp_CalculatorApp.swift in Sources */ = {isa = PBXBuildFile; fileRef = 2DC37B30283FA9070051253D /* cloneApp_CalculatorApp.swift */; };
		2DC37B33283FA9070051253D /* ContentView.swift in Sources */ = {isa = PBXBuildFile; fileRef = 2DC37B32283FA9070051253D /* ContentView.swift */; };
		2DC37B35283FA9080051253D /* Assets.xcassets in Resources */ = {isa = PBXBuildFile; fileRef = 2DC37B34283FA9080051253D /* Assets.xcassets */; };
		2DC37B38283FA9080051253D /* Preview Assets.xcassets in Resources */ = {isa = PBXBuildFile; fileRef = 2DC37B37283FA9080051253D /* Preview Assets.xcassets */; };
		2DC37B40283FA9210051253D /* MainView.swift in Sources */ = {isa = PBXBuildFile; fileRef = 2DC37B3F283FA9210051253D /* MainView.swift */; };
/* End PBXBuildFile section */

/* Begin PBXFileReference section */
		2D9683EB2843AB5F0013791C /* ButtonViews.swift */ = {isa = PBXFileReference; lastKnownFileType = sourcecode.swift; path = ButtonViews.swift; sourceTree = "<group>"; };
		2D9683ED2843AC010013791C /* CalculateModel.swift */ = {isa = PBXFileReference; lastKnownFileType = sourcecode.swift; path = CalculateModel.swift; sourceTree = "<group>"; };
		2DC37B2D283FA9070051253D /* cloneApp_Calculator.app */ = {isa = PBXFileReference; explicitFileType = wrapper.application; includeInIndex = 0; path = cloneApp_Calculator.app; sourceTree = BUILT_PRODUCTS_DIR; };
		2DC37B30283FA9070051253D /* cloneApp_CalculatorApp.swift */ = {isa = PBXFileReference; lastKnownFileType = sourcecode.swift; path = cloneApp_CalculatorApp.swift; sourceTree = "<group>"; };
		2DC37B32283FA9070051253D /* ContentView.swift */ = {isa = PBXFileReference; lastKnownFileType = sourcecode.swift; path = ContentView.swift; sourceTree = "<group>"; };
		2DC37B34283FA9080051253D /* Assets.xcassets */ = {isa = PBXFileReference; lastKnownFileType = folder.assetcatalog; path = Assets.xcassets; sourceTree = "<group>"; };
		2DC37B37283FA9080051253D /* Preview Assets.xcassets */ = {isa = PBXFileReference; lastKnownFileType = folder.assetcatalog; path = "Preview Assets.xcassets"; sourceTree = "<group>"; };
		2DC37B3F283FA9210051253D /* MainView.swift */ = {isa = PBXFileReference; lastKnownFileType = sourcecode.swift; path = MainView.swift; sourceTree = "<group>"; };
/* End PBXFileReference section */

/* Begin PBXFrameworksBuildPhase section */
		2DC37B2A283FA9070051253D /* Frameworks */ = {
			isa = PBXFrameworksBuildPhase;
			buildActionMask = 2147483647;
			files = (
			);
			runOnlyForDeploymentPostprocessing = 0;
		};
/* End PBXFrameworksBuildPhase section */

/* Begin PBXGroup section */
		2D9683EA2843AB3D0013791C /* Model */ = {
			isa = PBXGroup;
			children = (
				2D9683ED2843AC010013791C /* CalculateModel.swift */,
			);
			path = Model;
			sourceTree = "<group>";
		};
		2DC37B24283FA9060051253D = {
			isa = PBXGroup;
			children = (
				2DC37B2F283FA9070051253D /* cloneApp_Calculator */,
				2DC37B2E283FA9070051253D /* Products */,
			);
			sourceTree = "<group>";
		};
		2DC37B2E283FA9070051253D /* Products */ = {
			isa = PBXGroup;
			children = (
				2DC37B2D283FA9070051253D /* cloneApp_Calculator.app */,
			);
			name = Products;
			sourceTree = "<group>";
		};
		2DC37B2F283FA9070051253D /* cloneApp_Calculator */ = {
			isa = PBXGroup;
			children = (
				2DC37B30283FA9070051253D /* cloneApp_CalculatorApp.swift */,
				2DC37B32283FA9070051253D /* ContentView.swift */,
				2D9683EA2843AB3D0013791C /* Model */,
				2DC37B3E283FA9110051253D /* View */,
				2DC37B34283FA9080051253D /* Assets.xcassets */,
				2DC37B36283FA9080051253D /* Preview Content */,
			);
			path = cloneApp_Calculator;
			sourceTree = "<group>";
		};
		2DC37B36283FA9080051253D /* Preview Content */ = {
			isa = PBXGroup;
			children = (
				2DC37B37283FA9080051253D /* Preview Assets.xcassets */,
			);
			path = "Preview Content";
			sourceTree = "<group>";
		};
		2DC37B3E283FA9110051253D /* View */ = {
			isa = PBXGroup;
			children = (
				2DC37B3F283FA9210051253D /* MainView.swift */,
				2D9683EB2843AB5F0013791C /* ButtonViews.swift */,
			);
			path = View;
			sourceTree = "<group>";
		};
/* End PBXGroup section */

/* Begin PBXNativeTarget section */
		2DC37B2C283FA9070051253D /* cloneApp_Calculator */ = {
			isa = PBXNativeTarget;
			buildConfigurationList = 2DC37B3B283FA9080051253D /* Build configuration list for PBXNativeTarget "cloneApp_Calculator" */;
			buildPhases = (
				2DC37B29283FA9070051253D /* Sources */,
				2DC37B2A283FA9070051253D /* Frameworks */,
				2DC37B2B283FA9070051253D /* Resources */,
			);
			buildRules = (
			);
			dependencies = (
			);
			name = cloneApp_Calculator;
			productName = cloneApp_Calculator;
			productReference = 2DC37B2D283FA9070051253D /* cloneApp_Calculator.app */;
			productType = "com.apple.product-type.application";
		};
/* End PBXNativeTarget section */

/* Begin PBXProject section */
		2DC37B25283FA9070051253D /* Project object */ = {
			isa = PBXProject;
			attributes = {
				BuildIndependentTargetsInParallel = 1;
				LastSwiftUpdateCheck = 1340;
				LastUpgradeCheck = 1340;
				TargetAttributes = {
					2DC37B2C283FA9070051253D = {
						CreatedOnToolsVersion = 13.4;
					};
				};
			};
			buildConfigurationList = 2DC37B28283FA9070051253D /* Build configuration list for PBXProject "cloneApp_Calculator" */;
			compatibilityVersion = "Xcode 13.0";
			developmentRegion = en;
			hasScannedForEncodings = 0;
			knownRegions = (
				en,
				Base,
			);
			mainGroup = 2DC37B24283FA9060051253D;
			productRefGroup = 2DC37B2E283FA9070051253D /* Products */;
			projectDirPath = "";
			projectRoot = "";
			targets = (
				2DC37B2C283FA9070051253D /* cloneApp_Calculator */,
			);
		};
/* End PBXProject section */

/* Begin PBXResourcesBuildPhase section */
		2DC37B2B283FA9070051253D /* Resources */ = {
			isa = PBXResourcesBuildPhase;
			buildActionMask = 2147483647;
			files = (
				2DC37B38283FA9080051253D /* Preview Assets.xcassets in Resources */,
				2DC37B35283FA9080051253D /* Assets.xcassets in Resources */,
			);
			runOnlyForDeploymentPostprocessing = 0;
		};
/* End PBXResourcesBuildPhase section */

/* Begin PBXSourcesBuildPhase section */
		2DC37B29283FA9070051253D /* Sources */ = {
			isa = PBXSourcesBuildPhase;
			buildActionMask = 2147483647;
			files = (
				2DC37B33283FA9070051253D /* ContentView.swift in Sources */,
				2DC37B40283FA9210051253D /* MainView.swift in Sources */,
				2D9683EC2843AB5F0013791C /* ButtonViews.swift in Sources */,
				2DC37B31283FA9070051253D /* cloneApp_CalculatorApp.swift in Sources */,
				2D9683EE2843AC010013791C /* CalculateModel.swift in Sources */,
			);
			runOnlyForDeploymentPostprocessing = 0;
		};
/* End PBXSourcesBuildPhase section */

/* Begin XCBuildConfiguration section */
		2DC37B39283FA9080051253D /* Debug */ = {
			isa = XCBuildConfiguration;
			buildSettings = {
				ALWAYS_SEARCH_USER_PATHS = NO;
				CLANG_ANALYZER_NONNULL = YES;
				CLANG_ANALYZER_NUMBER_OBJECT_CONVERSION = YES_AGGRESSIVE;
				CLANG_CXX_LANGUAGE_STANDARD = "gnu++17";
				CLANG_ENABLE_MODULES = YES;
				CLANG_ENABLE_OBJC_ARC = YES;
				CLANG_ENABLE_OBJC_WEAK = YES;
				CLANG_WARN_BLOCK_CAPTURE_AUTORELEASING = YES;
				CLANG_WARN_BOOL_CONVERSION = YES;
				CLANG_WARN_COMMA = YES;
				CLANG_WARN_CONSTANT_CONVERSION = YES;
				CLANG_WARN_DEPRECATED_OBJC_IMPLEMENTATIONS = YES;
				CLANG_WARN_DIRECT_OBJC_ISA_USAGE = YES_ERROR;
				CLANG_WARN_DOCUMENTATION_COMMENTS = YES;
				CLANG_WARN_EMPTY_BODY = YES;
				CLANG_WARN_ENUM_CONVERSION = YES;
				CLANG_WARN_INFINITE_RECURSION = YES;
				CLANG_WARN_INT_CONVERSION = YES;
				CLANG_WARN_NON_LITERAL_NULL_CONVERSION = YES;
				CLANG_WARN_OBJC_IMPLICIT_RETAIN_SELF = YES;
				CLANG_WARN_OBJC_LITERAL_CONVERSION = YES;
				CLANG_WARN_OBJC_ROOT_CLASS = YES_ERROR;
				CLANG_WARN_QUOTED_INCLUDE_IN_FRAMEWORK_HEADER = YES;
				CLANG_WARN_RANGE_LOOP_ANALYSIS = YES;
				CLANG_WARN_STRICT_PROTOTYPES = YES;
				CLANG_WARN_SUSPICIOUS_MOVE = YES;
				CLANG_WARN_UNGUARDED_AVAILABILITY = YES_AGGRESSIVE;
				CLANG_WARN_UNREACHABLE_CODE = YES;
				CLANG_WARN__DUPLICATE_METHOD_MATCH = YES;
				COPY_PHASE_STRIP = NO;
				DEBUG_INFORMATION_FORMAT = dwarf;
				ENABLE_STRICT_OBJC_MSGSEND = YES;
				ENABLE_TESTABILITY = YES;
				GCC_C_LANGUAGE_STANDARD = gnu11;
				GCC_DYNAMIC_NO_PIC = NO;
				GCC_NO_COMMON_BLOCKS = YES;
				GCC_OPTIMIZATION_LEVEL = 0;
				GCC_PREPROCESSOR_DEFINITIONS = (
					"DEBUG=1",
					"$(inherited)",
				);
				GCC_WARN_64_TO_32_BIT_CONVERSION = YES;
				GCC_WARN_ABOUT_RETURN_TYPE = YES_ERROR;
				GCC_WARN_UNDECLARED_SELECTOR = YES;
				GCC_WARN_UNINITIALIZED_AUTOS = YES_AGGRESSIVE;
				GCC_WARN_UNUSED_FUNCTION = YES;
				GCC_WARN_UNUSED_VARIABLE = YES;
				IPHONEOS_DEPLOYMENT_TARGET = 15.5;
				MTL_ENABLE_DEBUG_INFO = INCLUDE_SOURCE;
				MTL_FAST_MATH = YES;
				ONLY_ACTIVE_ARCH = YES;
				SDKROOT = iphoneos;
				SWIFT_ACTIVE_COMPILATION_CONDITIONS = DEBUG;
				SWIFT_OPTIMIZATION_LEVEL = "-Onone";
			};
			name = Debug;
		};
		2DC37B3A283FA9080051253D /* Release */ = {
			isa = XCBuildConfiguration;
			buildSettings = {
				ALWAYS_SEARCH_USER_PATHS = NO;
				CLANG_ANALYZER_NONNULL = YES;
				CLANG_ANALYZER_NUMBER_OBJECT_CONVERSION = YES_AGGRESSIVE;
				CLANG_CXX_LANGUAGE_STANDARD = "gnu++17";
				CLANG_ENABLE_MODULES = YES;
				CLANG_ENABLE_OBJC_ARC = YES;
				CLANG_ENABLE_OBJC_WEAK = YES;
				CLANG_WARN_BLOCK_CAPTURE_AUTORELEASING = YES;
				CLANG_WARN_BOOL_CONVERSION = YES;
				CLANG_WARN_COMMA = YES;
				CLANG_WARN_CONSTANT_CONVERSION = YES;
				CLANG_WARN_DEPRECATED_OBJC_IMPLEMENTATIONS = YES;
				CLANG_WARN_DIRECT_OBJC_ISA_USAGE = YES_ERROR;
				CLANG_WARN_DOCUMENTATION_COMMENTS = YES;
				CLANG_WARN_EMPTY_BODY = YES;
				CLANG_WARN_ENUM_CONVERSION = YES;
				CLANG_WARN_INFINITE_RECURSION = YES;
				CLANG_WARN_INT_CONVERSION = YES;
				CLANG_WARN_NON_LITERAL_NULL_CONVERSION = YES;
				CLANG_WARN_OBJC_IMPLICIT_RETAIN_SELF = YES;
				CLANG_WARN_OBJC_LITERAL_CONVERSION = YES;
				CLANG_WARN_OBJC_ROOT_CLASS = YES_ERROR;
				CLANG_WARN_QUOTED_INCLUDE_IN_FRAMEWORK_HEADER = YES;
				CLANG_WARN_RANGE_LOOP_ANALYSIS = YES;
				CLANG_WARN_STRICT_PROTOTYPES = YES;
				CLANG_WARN_SUSPICIOUS_MOVE = YES;
				CLANG_WARN_UNGUARDED_AVAILABILITY = YES_AGGRESSIVE;
				CLANG_WARN_UNREACHABLE_CODE = YES;
				CLANG_WARN__DUPLICATE_METHOD_MATCH = YES;
				COPY_PHASE_STRIP = NO;
				DEBUG_INFORMATION_FORMAT = "dwarf-with-dsym";
				ENABLE_NS_ASSERTIONS = NO;
				ENABLE_STRICT_OBJC_MSGSEND = YES;
				GCC_C_LANGUAGE_STANDARD = gnu11;
				GCC_NO_COMMON_BLOCKS = YES;
				GCC_WARN_64_TO_32_BIT_CONVERSION = YES;
				GCC_WARN_ABOUT_RETURN_TYPE = YES_ERROR;
				GCC_WARN_UNDECLARED_SELECTOR = YES;
				GCC_WARN_UNINITIALIZED_AUTOS = YES_AGGRESSIVE;
				GCC_WARN_UNUSED_FUNCTION = YES;
				GCC_WARN_UNUSED_VARIABLE = YES;
				IPHONEOS_DEPLOYMENT_TARGET = 15.5;
				MTL_ENABLE_DEBUG_INFO = NO;
				MTL_FAST_MATH = YES;
				SDKROOT = iphoneos;
				SWIFT_COMPILATION_MODE = wholemodule;
				SWIFT_OPTIMIZATION_LEVEL = "-O";
				VALIDATE_PRODUCT = YES;
			};
			name = Release;
		};
		2DC37B3C283FA9080051253D /* Debug */ = {
			isa = XCBuildConfiguration;
			buildSettings = {
				ASSETCATALOG_COMPILER_APPICON_NAME = AppIcon;
				ASSETCATALOG_COMPILER_GLOBAL_ACCENT_COLOR_NAME = AccentColor;
				CODE_SIGN_STYLE = Automatic;
				CURRENT_PROJECT_VERSION = 1;
				DEVELOPMENT_ASSET_PATHS = "\"cloneApp_Calculator/Preview Content\"";
				DEVELOPMENT_TEAM = LR5A5F6L75;
				ENABLE_PREVIEWS = YES;
				GENERATE_INFOPLIST_FILE = YES;
				INFOPLIST_KEY_UIApplicationSceneManifest_Generation = YES;
				INFOPLIST_KEY_UIApplicationSupportsIndirectInputEvents = YES;
				INFOPLIST_KEY_UILaunchScreen_Generation = YES;
				INFOPLIST_KEY_UISupportedInterfaceOrientations_iPad = "UIInterfaceOrientationPortrait UIInterfaceOrientationPortraitUpsideDown UIInterfaceOrientationLandscapeLeft UIInterfaceOrientationLandscapeRight";
				INFOPLIST_KEY_UISupportedInterfaceOrientations_iPhone = "UIInterfaceOrientationPortrait UIInterfaceOrientationLandscapeLeft UIInterfaceOrientationLandscapeRight";
				LD_RUNPATH_SEARCH_PATHS = (
					"$(inherited)",
					"@executable_path/Frameworks",
				);
				MARKETING_VERSION = 1.0;
				PRODUCT_BUNDLE_IDENTIFIER = "com.cool-song.cloneApp-Calculator";
				PRODUCT_NAME = "$(TARGET_NAME)";
				SWIFT_EMIT_LOC_STRINGS = YES;
				SWIFT_VERSION = 5.0;
				TARGETED_DEVICE_FAMILY = "1,2";
			};
			name = Debug;
		};
		2DC37B3D283FA9080051253D /* Release */ = {
			isa = XCBuildConfiguration;
			buildSettings = {
				ASSETCATALOG_COMPILER_APPICON_NAME = AppIcon;
				ASSETCATALOG_COMPILER_GLOBAL_ACCENT_COLOR_NAME = AccentColor;
				CODE_SIGN_STYLE = Automatic;
				CURRENT_PROJECT_VERSION = 1;
				DEVELOPMENT_ASSET_PATHS = "\"cloneApp_Calculator/Preview Content\"";
				DEVELOPMENT_TEAM = LR5A5F6L75;
				ENABLE_PREVIEWS = YES;
				GENERATE_INFOPLIST_FILE = YES;
				INFOPLIST_KEY_UIApplicationSceneManifest_Generation = YES;
				INFOPLIST_KEY_UIApplicationSupportsIndirectInputEvents = YES;
				INFOPLIST_KEY_UILaunchScreen_Generation = YES;
				INFOPLIST_KEY_UISupportedInterfaceOrientations_iPad = "UIInterfaceOrientationPortrait UIInterfaceOrientationPortraitUpsideDown UIInterfaceOrientationLandscapeLeft UIInterfaceOrientationLandscapeRight";
				INFOPLIST_KEY_UISupportedInterfaceOrientations_iPhone = "UIInterfaceOrientationPortrait UIInterfaceOrientationLandscapeLeft UIInterfaceOrientationLandscapeRight";
				LD_RUNPATH_SEARCH_PATHS = (
					"$(inherited)",
					"@executable_path/Frameworks",
				);
				MARKETING_VERSION = 1.0;
				PRODUCT_BUNDLE_IDENTIFIER = "com.cool-song.cloneApp-Calculator";
				PRODUCT_NAME = "$(TARGET_NAME)";
				SWIFT_EMIT_LOC_STRINGS = YES;
				SWIFT_VERSION = 5.0;
				TARGETED_DEVICE_FAMILY = "1,2";
			};
			name = Release;
		};
/* End XCBuildConfiguration section */

/* Begin XCConfigurationList section */
		2DC37B28283FA9070051253D /* Build configuration list for PBXProject "cloneApp_Calculator" */ = {
			isa = XCConfigurationList;
			buildConfigurations = (
				2DC37B39283FA9080051253D /* Debug */,
				2DC37B3A283FA9080051253D /* Release */,
			);
			defaultConfigurationIsVisible = 0;
			defaultConfigurationName = Release;
		};
		2DC37B3B283FA9080051253D /* Build configuration list for PBXNativeTarget "cloneApp_Calculator" */ = {
			isa = XCConfigurationList;
			buildConfigurations = (
				2DC37B3C283FA9080051253D /* Debug */,
				2DC37B3D283FA9080051253D /* Release */,
			);
			defaultConfigurationIsVisible = 0;
			defaultConfigurationName = Release;
		};
/* End XCConfigurationList section */
	};
	rootObject = 2DC37B25283FA9070051253D /* Project object */;
}
